
Microsoft Visual Studio Solution File, Format Version 12.00
# Visual Studio Version 17
VisualStudioVersion = 17.5.33424.131
MinimumVisualStudioVersion = 10.0.40219.1
Project("{FAE04EC0-301F-11D3-BF4B-00C04F79EFBC}") = "LAB02", "LAB02\LAB02.csproj", "{3A86D0B4-0B84-4D8E-92FE-E87332D867BA}"
EndProject
Global
	GlobalSection(SolutionConfigurationPlatforms) = preSolution
		Debug|Any CPU = Debug|Any CPU
		Release|Any CPU = Release|Any CPU
	EndGlobalSection
	GlobalSection(ProjectConfigurationPlatforms) = postSolution
		{3A86D0B4-0B84-4D8E-92FE-E87332D867BA}.Debug|Any CPU.ActiveCfg = Debug|Any CPU
		{3A86D0B4-0B84-4D8E-92FE-E87332D867BA}.Debug|Any CPU.Build.0 = Debug|Any CPU
		{3A86D0B4-0B84-4D8E-92FE-E87332D867BA}.Release|Any CPU.ActiveCfg = Release|Any CPU
		{3A86D0B4-0B84-4D8E-92FE-E87332D867BA}.Release|Any CPU.Build.0 = Release|Any CPU
	EndGlobalSection
	GlobalSection(SolutionProperties) = preSolution
		HideSolutionNode = FALSE
	EndGlobalSection
	GlobalSection(ExtensibilityGlobals) = postSolution
		SolutionGuid = {B5CA17B9-A92F-435A-B5DA-3906B45FE030}
	EndGlobalSection
EndGlobal
